PODS:
  - Flutter (1.0.0)
  - flutter_any_logo (0.0.1):
    - Flutter
  - image_picker_ios (0.0.1):
    - Flutter

DEPENDENCIES:
  - Flutter (from `Flutter`)
  - flutter_any_logo (from `.symlinks/plugins/flutter_any_logo/ios`)
  - image_picker_ios (from `.symlinks/plugins/image_picker_ios/ios`)

EXTERNAL SOURCES:
  Flutter:
    :path: Flutter
  flutter_any_logo:
    :path: ".symlinks/plugins/flutter_any_logo/ios"
  image_picker_ios:
    :path: ".symlinks/plugins/image_picker_ios/ios"

SPEC CHECKSUMS:
  Flutter: cabc95a1d2626b1b06e7179b784ebcf0c0cde467
  flutter_any_logo: 521c8425da7e6be1099ad1bc65a58a5a123e183e
  image_picker_ios: e0ece4aa2a75771a7de3fa735d26d90817041326

PODFILE CHECKSUM: 53a6aebc29ccee84c41f92f409fc20cd4ca011f1

COCOAPODS: 1.16.2
